// !$*UTF8*$!
{
	archiveVersion = 1;
	classes = {
	};
	objectVersion = 50;
	objects = {

/* Begin PBXBuildFile section */
		9FE80F8223AB814600616902 /* AppDelegate.m in Sources */ = {isa = PBXBuildFile; fileRef = 9FE80F8123AB814600616902 /* AppDelegate.m */; };
		9FE80F8523AB814600616902 /* SceneDelegate.m in Sources */ = {isa = PBXBuildFile; fileRef = 9FE80F8423AB814600616902 /* SceneDelegate.m */; };
		9FE80F8823AB814600616902 /* ViewController.m in Sources */ = {isa = PBXBuildFile; fileRef = 9FE80F8723AB814600616902 /* ViewController.m */; };
		9FE80F8B23AB814600616902 /* Main.storyboard in Resources */ = {isa = PBXBuildFile; fileRef = 9FE80F8923AB814600616902 /* Main.storyboard */; };
		9FE80F8D23AB815200616902 /* Assets.xcassets in Resources */ = {isa = PBXBuildFile; fileRef = 9FE80F8C23AB815200616902 /* Assets.xcassets */; };
		9FE80F9023AB815200616902 /* LaunchScreen.storyboard in Resources */ = {isa = PBXBuildFile; fileRef = 9FE80F8E23AB815200616902 /* LaunchScreen.storyboard */; };
		9FE80F9323AB815200616902 /* main.m in Sources */ = {isa = PBXBuildFile; fileRef = 9FE80F9223AB815200616902 /* main.m */; };
		9FE80F9B23AB9C1800616902 /* WKViewController.m in Sources */ = {isa = PBXBuildFile; fileRef = 9FE80F9A23AB9C1800616902 /* WKViewController.m */; };
		9FE80F9E23AB9CB000616902 /* BZEditorManager.m in Sources */ = {isa = PBXBuildFile; fileRef = 9FE80F9D23AB9CB000616902 /* BZEditorManager.m */; };
		9FF5A93323B0A04700FDDC31 /* UITextView+AddLink.m in Sources */ = {isa = PBXBuildFile; fileRef = 9FF5A93223B0A04700FDDC31 /* UITextView+AddLink.m */; };
		9FF6C2BD23B067F300DE9371 /* BZEditorEditType.m in Sources */ = {isa = PBXBuildFile; fileRef = 9FF6C2BC23B067F300DE9371 /* BZEditorEditType.m */; };
		9FF6F7EC23AC9F6E0098DD2D /* BZEditorToolCollectionViewCell.m in Sources */ = {isa = PBXBuildFile; fileRef = 9FF6F7E823AC9F6E0098DD2D /* BZEditorToolCollectionViewCell.m */; };
		9FF6F7ED23AC9F6E0098DD2D /* BZEditorToolView.m in Sources */ = {isa = PBXBuildFile; fileRef = 9FF6F7EA23AC9F6E0098DD2D /* BZEditorToolView.m */; };
		9FF6F7EE23AC9F6E0098DD2D /* BZEditorView.m in Sources */ = {isa = PBXBuildFile; fileRef = 9FF6F7EB23AC9F6E0098DD2D /* BZEditorView.m */; };
/* End PBXBuildFile section */

/* Begin PBXFileReference section */
		9FE80F7D23AB814600616902 /* BZAttributedEditor.app */ = {isa = PBXFileReference; explicitFileType = wrapper.application; includeInIndex = 0; path = BZAttributedEditor.app; sourceTree = BUILT_PRODUCTS_DIR; };
		9FE80F8023AB814600616902 /* AppDelegate.h */ = {isa = PBXFileReference; lastKnownFileType = sourcecode.c.h; path = AppDelegate.h; sourceTree = "<group>"; };
		9FE80F8123AB814600616902 /* AppDelegate.m */ = {isa = PBXFileReference; lastKnownFileType = sourcecode.c.objc; path = AppDelegate.m; sourceTree = "<group>"; };
		9FE80F8323AB814600616902 /* SceneDelegate.h */ = {isa = PBXFileReference; lastKnownFileType = sourcecode.c.h; path = SceneDelegate.h; sourceTree = "<group>"; };
		9FE80F8423AB814600616902 /* SceneDelegate.m */ = {isa = PBXFileReference; lastKnownFileType = sourcecode.c.objc; path = SceneDelegate.m; sourceTree = "<group>"; };
		9FE80F8623AB814600616902 /* ViewController.h */ = {isa = PBXFileReference; lastKnownFileType = sourcecode.c.h; path = ViewController.h; sourceTree = "<group>"; };
		9FE80F8723AB814600616902 /* ViewController.m */ = {isa = PBXFileReference; lastKnownFileType = sourcecode.c.objc; path = ViewController.m; sourceTree = "<group>"; };
		9FE80F8A23AB814600616902 /* Base */ = {isa = PBXFileReference; lastKnownFileType = file.storyboard; name = Base; path = Base.lproj/Main.storyboard; sourceTree = "<group>"; };
		9FE80F8C23AB815200616902 /* Assets.xcassets */ = {isa = PBXFileReference; lastKnownFileType = folder.assetcatalog; path = Assets.xcassets; sourceTree = "<group>"; };
		9FE80F8F23AB815200616902 /* Base */ = {isa = PBXFileReference; lastKnownFileType = file.storyboard; name = Base; path = Base.lproj/LaunchScreen.storyboard; sourceTree = "<group>"; };
		9FE80F9123AB815200616902 /* Info.plist */ = {isa = PBXFileReference; lastKnownFileType = text.plist.xml; path = Info.plist; sourceTree = "<group>"; };
		9FE80F9223AB815200616902 /* main.m */ = {isa = PBXFileReference; lastKnownFileType = sourcecode.c.objc; path = main.m; sourceTree = "<group>"; };
		9FE80F9923AB9C1800616902 /* WKViewController.h */ = {isa = PBXFileReference; lastKnownFileType = sourcecode.c.h; path = WKViewController.h; sourceTree = "<group>"; };
		9FE80F9A23AB9C1800616902 /* WKViewController.m */ = {isa = PBXFileReference; lastKnownFileType = sourcecode.c.objc; path = WKViewController.m; sourceTree = "<group>"; };
		9FE80F9C23AB9CB000616902 /* BZEditorManager.h */ = {isa = PBXFileReference; lastKnownFileType = sourcecode.c.h; path = BZEditorManager.h; sourceTree = "<group>"; };
		9FE80F9D23AB9CB000616902 /* BZEditorManager.m */ = {isa = PBXFileReference; lastKnownFileType = sourcecode.c.objc; path = BZEditorManager.m; sourceTree = "<group>"; };
		9FF5A93123B0A04700FDDC31 /* UITextView+AddLink.h */ = {isa = PBXFileReference; lastKnownFileType = sourcecode.c.h; name = "UITextView+AddLink.h"; path = "../../../../../System/Volumes/Data/Users/bourbonz/Documents/BZAttributedEditor/BZAttributedEditor/UITextView+AddLink.h"; sourceTree = "<group>"; };
		9FF5A93223B0A04700FDDC31 /* UITextView+AddLink.m */ = {isa = PBXFileReference; lastKnownFileType = sourcecode.c.objc; name = "UITextView+AddLink.m"; path = "../../../../../System/Volumes/Data/Users/bourbonz/Documents/BZAttributedEditor/BZAttributedEditor/UITextView+AddLink.m"; sourceTree = "<group>"; };
		9FF6C2BB23B067F300DE9371 /* BZEditorEditType.h */ = {isa = PBXFileReference; lastKnownFileType = sourcecode.c.h; name = BZEditorEditType.h; path = ../../../../../System/Volumes/Data/Users/bourbonz/Documents/BZAttributedEditor/BZAttributedEditor/BZEditorEditType.h; sourceTree = "<group>"; };
		9FF6C2BC23B067F300DE9371 /* BZEditorEditType.m */ = {isa = PBXFileReference; lastKnownFileType = sourcecode.c.objc; name = BZEditorEditType.m; path = ../../../../../System/Volumes/Data/Users/bourbonz/Documents/BZAttributedEditor/BZAttributedEditor/BZEditorEditType.m; sourceTree = "<group>"; };
		9FF6F7E623AC9F6E0098DD2D /* BZEditorToolCollectionViewCell.h */ = {isa = PBXFileReference; fileEncoding = 4; lastKnownFileType = sourcecode.c.h; name = BZEditorToolCollectionViewCell.h; path = ../../../../../System/Volumes/Data/Users/bourbonz/Documents/BZAttributedEditor/BZAttributedEditor/BZEditorToolCollectionViewCell.h; sourceTree = "<group>"; };
		9FF6F7E723AC9F6E0098DD2D /* BZEditorView.h */ = {isa = PBXFileReference; fileEncoding = 4; lastKnownFileType = sourcecode.c.h; name = BZEditorView.h; path = ../../../../../System/Volumes/Data/Users/bourbonz/Documents/BZAttributedEditor/BZAttributedEditor/BZEditorView.h; sourceTree = "<group>"; };
		9FF6F7E823AC9F6E0098DD2D /* BZEditorToolCollectionViewCell.m */ = {isa = PBXFileReference; fileEncoding = 4; lastKnownFileType = sourcecode.c.objc; name = BZEditorToolCollectionViewCell.m; path = ../../../../../System/Volumes/Data/Users/bourbonz/Documents/BZAttributedEditor/BZAttributedEditor/BZEditorToolCollectionViewCell.m; sourceTree = "<group>"; };
		9FF6F7E923AC9F6E0098DD2D /* BZEditorToolView.h */ = {isa = PBXFileReference; fileEncoding = 4; lastKnownFileType = sourcecode.c.h; name = BZEditorToolView.h; path = ../../../../../System/Volumes/Data/Users/bourbonz/Documents/BZAttributedEditor/BZAttributedEditor/BZEditorToolView.h; sourceTree = "<group>"; };
		9FF6F7EA23AC9F6E0098DD2D /* BZEditorToolView.m */ = {isa = PBXFileReference; fileEncoding = 4; lastKnownFileType = sourcecode.c.objc; name = BZEditorToolView.m; path = ../../../../../System/Volumes/Data/Users/bourbonz/Documents/BZAttributedEditor/BZAttributedEditor/BZEditorToolView.m; sourceTree = "<group>"; };
		9FF6F7EB23AC9F6E0098DD2D /* BZEditorView.m */ = {isa = PBXFileReference; fileEncoding = 4; lastKnownFileType = sourcecode.c.objc; name = BZEditorView.m; path = ../../../../../System/Volumes/Data/Users/bourbonz/Documents/BZAttributedEditor/BZAttributedEditor/BZEditorView.m; sourceTree = "<group>"; };
/* End PBXFileReference section */

/* Begin PBXFrameworksBuildPhase section */
		9FE80F7A23AB814600616902 /* Frameworks */ = {
			isa = PBXFrameworksBuildPhase;
			buildActionMask = 2147483647;
			files = (
			);
			runOnlyForDeploymentPostprocessing = 0;
		};
/* End PBXFrameworksBuildPhase section */

/* Begin PBXGroup section */
		9FE80F7423AB814600616902 = {
			isa = PBXGroup;
			children = (
				9FE80F7F23AB814600616902 /* BZAttributedEditor */,
				9FE80F7E23AB814600616902 /* Products */,
			);
			sourceTree = "<group>";
		};
		9FE80F7E23AB814600616902 /* Products */ = {
			isa = PBXGroup;
			children = (
				9FE80F7D23AB814600616902 /* BZAttributedEditor.app */,
			);
			name = Products;
			sourceTree = "<group>";
		};
		9FE80F7F23AB814600616902 /* BZAttributedEditor */ = {
			isa = PBXGroup;
			children = (
				9FF6C2BB23B067F300DE9371 /* BZEditorEditType.h */,
				9FF6C2BC23B067F300DE9371 /* BZEditorEditType.m */,
				9FE80F9C23AB9CB000616902 /* BZEditorManager.h */,
				9FE80F9D23AB9CB000616902 /* BZEditorManager.m */,
				9FF6F7E623AC9F6E0098DD2D /* BZEditorToolCollectionViewCell.h */,
				9FF6F7E823AC9F6E0098DD2D /* BZEditorToolCollectionViewCell.m */,
				9FF6F7E923AC9F6E0098DD2D /* BZEditorToolView.h */,
				9FF6F7EA23AC9F6E0098DD2D /* BZEditorToolView.m */,
				9FF6F7E723AC9F6E0098DD2D /* BZEditorView.h */,
				9FF6F7EB23AC9F6E0098DD2D /* BZEditorView.m */,
				9FF5A93123B0A04700FDDC31 /* UITextView+AddLink.h */,
				9FF5A93223B0A04700FDDC31 /* UITextView+AddLink.m */,
				9FE80F8023AB814600616902 /* AppDelegate.h */,
				9FE80F8123AB814600616902 /* AppDelegate.m */,
				9FE80F8323AB814600616902 /* SceneDelegate.h */,
				9FE80F8423AB814600616902 /* SceneDelegate.m */,
				9FE80F8623AB814600616902 /* ViewController.h */,
				9FE80F8723AB814600616902 /* ViewController.m */,
				9FE80F9923AB9C1800616902 /* WKViewController.h */,
				9FE80F9A23AB9C1800616902 /* WKViewController.m */,
				9FE80F8923AB814600616902 /* Main.storyboard */,
				9FE80F8C23AB815200616902 /* Assets.xcassets */,
				9FE80F8E23AB815200616902 /* LaunchScreen.storyboard */,
				9FE80F9123AB815200616902 /* Info.plist */,
				9FE80F9223AB815200616902 /* main.m */,
			);
			path = BZAttributedEditor;
			sourceTree = "<group>";
		};
/* End PBXGroup section */

/* Begin PBXNativeTarget section */
		9FE80F7C23AB814600616902 /* BZAttributedEditor */ = {
			isa = PBXNativeTarget;
			buildConfigurationList = 9FE80F9623AB815200616902 /* Build configuration list for PBXNativeTarget "BZAttributedEditor" */;
			buildPhases = (
				9FE80F7923AB814600616902 /* Sources */,
				9FE80F7A23AB814600616902 /* Frameworks */,
				9FE80F7B23AB814600616902 /* Resources */,
			);
			buildRules = (
			);
			dependencies = (
			);
			name = BZAttributedEditor;
			productName = BZAttributedEditor;
			productReference = 9FE80F7D23AB814600616902 /* BZAttributedEditor.app */;
			productType = "com.apple.product-type.application";
		};
/* End PBXNativeTarget section */

/* Begin PBXProject section */
		9FE80F7523AB814600616902 /* Project object */ = {
			isa = PBXProject;
			attributes = {
				LastUpgradeCheck = 1110;
				ORGANIZATIONNAME = BourbonZ;
				TargetAttributes = {
					9FE80F7C23AB814600616902 = {
						CreatedOnToolsVersion = 11.1;
					};
				};
			};
			buildConfigurationList = 9FE80F7823AB814600616902 /* Build configuration list for PBXProject "BZAttributedEditor" */;
			compatibilityVersion = "Xcode 9.3";
			developmentRegion = en;
			hasScannedForEncodings = 0;
			knownRegions = (
				en,
				Base,
			);
			mainGroup = 9FE80F7423AB814600616902;
			productRefGroup = 9FE80F7E23AB814600616902 /* Products */;
			projectDirPath = "";
			projectRoot = "";
			targets = (
				9FE80F7C23AB814600616902 /* BZAttributedEditor */,
			);
		};
/* End PBXProject section */

/* Begin PBXResourcesBuildPhase section */
		9FE80F7B23AB814600616902 /* Resources */ = {
			isa = PBXResourcesBuildPhase;
			buildActionMask = 2147483647;
			files = (
				9FE80F9023AB815200616902 /* LaunchScreen.storyboard in Resources */,
				9FE80F8D23AB815200616902 /* Assets.xcassets in Resources */,
				9FE80F8B23AB814600616902 /* Main.storyboard in Resources */,
			);
			runOnlyForDeploymentPostprocessing = 0;
		};
/* End PBXResourcesBuildPhase section */

/* Begin PBXSourcesBuildPhase section */
		9FE80F7923AB814600616902 /* Sources */ = {
			isa = PBXSourcesBuildPhase;
			buildActionMask = 2147483647;
			files = (
				9FE80F9E23AB9CB000616902 /* BZEditorManager.m in Sources */,
				9FE80F9B23AB9C1800616902 /* WKViewController.m in Sources */,
				9FE80F8823AB814600616902 /* ViewController.m in Sources */,
				9FE80F8223AB814600616902 /* AppDelegate.m in Sources */,
				9FF5A93323B0A04700FDDC31 /* UITextView+AddLink.m in Sources */,
				9FF6C2BD23B067F300DE9371 /* BZEditorEditType.m in Sources */,
				9FF6F7EC23AC9F6E0098DD2D /* BZEditorToolCollectionViewCell.m in Sources */,
				9FF6F7EE23AC9F6E0098DD2D /* BZEditorView.m in Sources */,
				9FF6F7ED23AC9F6E0098DD2D /* BZEditorToolView.m in Sources */,
				9FE80F9323AB815200616902 /* main.m in Sources */,
				9FE80F8523AB814600616902 /* SceneDelegate.m in Sources */,
			);
			runOnlyForDeploymentPostprocessing = 0;
		};
/* End PBXSourcesBuildPhase section */

/* Begin PBXVariantGroup section */
		9FE80F8923AB814600616902 /* Main.storyboard */ = {
			isa = PBXVariantGroup;
			children = (
				9FE80F8A23AB814600616902 /* Base */,
			);
			name = Main.storyboard;
			sourceTree = "<group>";
		};
		9FE80F8E23AB815200616902 /* LaunchScreen.storyboard */ = {
			isa = PBXVariantGroup;
			children = (
				9FE80F8F23AB815200616902 /* Base */,
			);
			name = LaunchScreen.storyboard;
			sourceTree = "<group>";
		};
/* End PBXVariantGroup section */

/* Begin XCBuildConfiguration section */
		9FE80F9423AB815200616902 /* Debug */ = {
			isa = XCBuildConfiguration;
			buildSettings = {
				ALWAYS_SEARCH_USER_PATHS = NO;
				CLANG_ANALYZER_NONNULL = YES;
				CLANG_ANALYZER_NUMBER_OBJECT_CONVERSION = YES_AGGRESSIVE;
				CLANG_CXX_LANGUAGE_STANDARD = "gnu++14";
				CLANG_CXX_LIBRARY = "libc++";
				CLANG_ENABLE_MODULES = YES;
				CLANG_ENABLE_OBJC_ARC = YES;
				CLANG_ENABLE_OBJC_WEAK = YES;
				CLANG_WARN_BLOCK_CAPTURE_AUTORELEASING = YES;
				CLANG_WARN_BOOL_CONVERSION = YES;
				CLANG_WARN_COMMA = YES;
				CLANG_WARN_CONSTANT_CONVERSION = YES;
				CLANG_WARN_DEPRECATED_OBJC_IMPLEMENTATIONS = YES;
				CLANG_WARN_DIRECT_OBJC_ISA_USAGE = YES_ERROR;
				CLANG_WARN_DOCUMENTATION_COMMENTS = YES;
				CLANG_WARN_EMPTY_BODY = YES;
				CLANG_WARN_ENUM_CONVERSION = YES;
				CLANG_WARN_INFINITE_RECURSION = YES;
				CLANG_WARN_INT_CONVERSION = YES;
				CLANG_WARN_NON_LITERAL_NULL_CONVERSION = YES;
				CLANG_WARN_OBJC_IMPLICIT_RETAIN_SELF = YES;
				CLANG_WARN_OBJC_LITERAL_CONVERSION = YES;
				CLANG_WARN_OBJC_ROOT_CLASS = YES_ERROR;
				CLANG_WARN_RANGE_LOOP_ANALYSIS = YES;
				CLANG_WARN_STRICT_PROTOTYPES = YES;
				CLANG_WARN_SUSPICIOUS_MOVE = YES;
				CLANG_WARN_UNGUARDED_AVAILABILITY = YES_AGGRESSIVE;
				CLANG_WARN_UNREACHABLE_CODE = YES;
				CLANG_WARN__DUPLICATE_METHOD_MATCH = YES;
				COPY_PHASE_STRIP = NO;
				DEBUG_INFORMATION_FORMAT = dwarf;
				ENABLE_STRICT_OBJC_MSGSEND = YES;
				ENABLE_TESTABILITY = YES;
				GCC_C_LANGUAGE_STANDARD = gnu11;
				GCC_DYNAMIC_NO_PIC = NO;
				GCC_NO_COMMON_BLOCKS = YES;
				GCC_OPTIMIZATION_LEVEL = 0;
				GCC_PREPROCESSOR_DEFINITIONS = (
					"DEBUG=1",
					"$(inherited)",
				);
				GCC_WARN_64_TO_32_BIT_CONVERSION = YES;
				GCC_WARN_ABOUT_RETURN_TYPE = YES_ERROR;
				GCC_WARN_UNDECLARED_SELECTOR = YES;
				GCC_WARN_UNINITIALIZED_AUTOS = YES_AGGRESSIVE;
				GCC_WARN_UNUSED_FUNCTION = YES;
				GCC_WARN_UNUSED_VARIABLE = YES;
				IPHONEOS_DEPLOYMENT_TARGET = 13.1;
				MTL_ENABLE_DEBUG_INFO = INCLUDE_SOURCE;
				MTL_FAST_MATH = YES;
				ONLY_ACTIVE_ARCH = YES;
				SDKROOT = iphoneos;
			};
			name = Debug;
		};
		9FE80F9523AB815200616902 /* Release */ = {
			isa = XCBuildConfiguration;
			buildSettings = {
				ALWAYS_SEARCH_USER_PATHS = NO;
				CLANG_ANALYZER_NONNULL = YES;
				CLANG_ANALYZER_NUMBER_OBJECT_CONVERSION = YES_AGGRESSIVE;
				CLANG_CXX_LANGUAGE_STANDARD = "gnu++14";
				CLANG_CXX_LIBRARY = "libc++";
				CLANG_ENABLE_MODULES = YES;
				CLANG_ENABLE_OBJC_ARC = YES;
				CLANG_ENABLE_OBJC_WEAK = YES;
				CLANG_WARN_BLOCK_CAPTURE_AUTORELEASING = YES;
				CLANG_WARN_BOOL_CONVERSION = YES;
				CLANG_WARN_COMMA = YES;
				CLANG_WARN_CONSTANT_CONVERSION = YES;
				CLANG_WARN_DEPRECATED_OBJC_IMPLEMENTATIONS = YES;
				CLANG_WARN_DIRECT_OBJC_ISA_USAGE = YES_ERROR;
				CLANG_WARN_DOCUMENTATION_COMMENTS = YES;
				CLANG_WARN_EMPTY_BODY = YES;
				CLANG_WARN_ENUM_CONVERSION = YES;
				CLANG_WARN_INFINITE_RECURSION = YES;
				CLANG_WARN_INT_CONVERSION = YES;
				CLANG_WARN_NON_LITERAL_NULL_CONVERSION = YES;
				CLANG_WARN_OBJC_IMPLICIT_RETAIN_SELF = YES;
				CLANG_WARN_OBJC_LITERAL_CONVERSION = YES;
				CLANG_WARN_OBJC_ROOT_CLASS = YES_ERROR;
				CLANG_WARN_RANGE_LOOP_ANALYSIS = YES;
				CLANG_WARN_STRICT_PROTOTYPES = YES;
				CLANG_WARN_SUSPICIOUS_MOVE = YES;
				CLANG_WARN_UNGUARDED_AVAILABILITY = YES_AGGRESSIVE;
				CLANG_WARN_UNREACHABLE_CODE = YES;
				CLANG_WARN__DUPLICATE_METHOD_MATCH = YES;
				COPY_PHASE_STRIP = NO;
				DEBUG_INFORMATION_FORMAT = "dwarf-with-dsym";
				ENABLE_NS_ASSERTIONS = NO;
				ENABLE_STRICT_OBJC_MSGSEND = YES;
				GCC_C_LANGUAGE_STANDARD = gnu11;
				GCC_NO_COMMON_BLOCKS = YES;
				GCC_WARN_64_TO_32_BIT_CONVERSION = YES;
				GCC_WARN_ABOUT_RETURN_TYPE = YES_ERROR;
				GCC_WARN_UNDECLARED_SELECTOR = YES;
				GCC_WARN_UNINITIALIZED_AUTOS = YES_AGGRESSIVE;
				GCC_WARN_UNUSED_FUNCTION = YES;
				GCC_WARN_UNUSED_VARIABLE = YES;
				IPHONEOS_DEPLOYMENT_TARGET = 13.1;
				MTL_ENABLE_DEBUG_INFO = NO;
				MTL_FAST_MATH = YES;
				SDKROOT = iphoneos;
				VALIDATE_PRODUCT = YES;
			};
			name = Release;
		};
		9FE80F9723AB815200616902 /* Debug */ = {
			isa = XCBuildConfiguration;
			buildSettings = {
				ASSETCATALOG_COMPILER_APPICON_NAME = AppIcon;
				CODE_SIGN_STYLE = Automatic;
				DEVELOPMENT_TEAM = KGJ4XQW272;
				INFOPLIST_FILE = BZAttributedEditor/Info.plist;
				LD_RUNPATH_SEARCH_PATHS = (
					"$(inherited)",
					"@executable_path/Frameworks",
				);
				PRODUCT_BUNDLE_IDENTIFIER = com.bourbonz.BZAttributedEditor;
				PRODUCT_NAME = "$(TARGET_NAME)";
				TARGETED_DEVICE_FAMILY = "1,2";
			};
			name = Debug;
		};
		9FE80F9823AB815200616902 /* Release */ = {
			isa = XCBuildConfiguration;
			buildSettings = {
				ASSETCATALOG_COMPILER_APPICON_NAME = AppIcon;
				CODE_SIGN_STYLE = Automatic;
				DEVELOPMENT_TEAM = KGJ4XQW272;
				INFOPLIST_FILE = BZAttributedEditor/Info.plist;
				LD_RUNPATH_SEARCH_PATHS = (
					"$(inherited)",
					"@executable_path/Frameworks",
				);
				PRODUCT_BUNDLE_IDENTIFIER = com.bourbonz.BZAttributedEditor;
				PRODUCT_NAME = "$(TARGET_NAME)";
				TARGETED_DEVICE_FAMILY = "1,2";
			};
			name = Release;
		};
/* End XCBuildConfiguration section */

/* Begin XCConfigurationList section */
		9FE80F7823AB814600616902 /* Build configuration list for PBXProject "BZAttributedEditor" */ = {
			isa = XCConfigurationList;
			buildConfigurations = (
				9FE80F9423AB815200616902 /* Debug */,
				9FE80F9523AB815200616902 /* Release */,
			);
			defaultConfigurationIsVisible = 0;
			defaultConfigurationName = Release;
		};
		9FE80F9623AB815200616902 /* Build configuration list for PBXNativeTarget "BZAttributedEditor" */ = {
			isa = XCConfigurationList;
			buildConfigurations = (
				9FE80F9723AB815200616902 /* Debug */,
				9FE80F9823AB815200616902 /* Release */,
			);
			defaultConfigurationIsVisible = 0;
			defaultConfigurationName = Release;
		};
/* End XCConfigurationList section */
	};
	rootObject = 9FE80F7523AB814600616902 /* Project object */;
}
